
Microsoft Visual Studio Solution File, Format Version 12.00
# Visual Studio Version 17
VisualStudioVersion = 17.8.34525.116
MinimumVisualStudioVersion = 10.0.40219.1
Project("{FAE04EC0-301F-11D3-BF4B-00C04F79EFBC}") = "Desafio Practico 2 Maurizio Paglia", "Desafio Practico 2 Maurizio Paglia.csproj", "{A671EA5F-8604-4C08-AC2F-9508B3B18417}"
EndProject
Global
	GlobalSection(SolutionConfigurationPlatforms) = preSolution
		Debug|Any CPU = Debug|Any CPU
		Release|Any CPU = Release|Any CPU
	EndGlobalSection
	GlobalSection(ProjectConfigurationPlatforms) = postSolution
		{A671EA5F-8604-4C08-AC2F-9508B3B18417}.Debug|Any CPU.ActiveCfg = Debug|Any CPU
		{A671EA5F-8604-4C08-AC2F-9508B3B18417}.Debug|Any CPU.Build.0 = Debug|Any CPU
		{A671EA5F-8604-4C08-AC2F-9508B3B18417}.Release|Any CPU.ActiveCfg = Release|Any CPU
		{A671EA5F-8604-4C08-AC2F-9508B3B18417}.Release|Any CPU.Build.0 = Release|Any CPU
	EndGlobalSection
	GlobalSection(SolutionProperties) = preSolution
		HideSolutionNode = FALSE
	EndGlobalSection
	GlobalSection(ExtensibilityGlobals) = postSolution
		SolutionGuid = {B36716C3-D44A-4DE4-8B95-A15B0D9CC0B4}
	EndGlobalSection
EndGlobal
